
Microsoft Visual Studio Solution File, Format Version 12.00
# Visual Studio Version 17
VisualStudioVersion = 17.5.002.0
MinimumVisualStudioVersion = 10.0.40219.1
Project("{9A19103F-16F7-4668-BE54-9A1E7A4F7556}") = "Desafio Login e Usuários", "Desafio Login e Usuários.csproj", "{9BF13D42-3D2B-4375-8811-99A5AB079ED8}"
EndProject
Global
	GlobalSection(SolutionConfigurationPlatforms) = preSolution
		Debug|Any CPU = Debug|Any CPU
		Release|Any CPU = Release|Any CPU
	EndGlobalSection
	GlobalSection(ProjectConfigurationPlatforms) = postSolution
		{9BF13D42-3D2B-4375-8811-99A5AB079ED8}.Debug|Any CPU.ActiveCfg = Debug|Any CPU
		{9BF13D42-3D2B-4375-8811-99A5AB079ED8}.Debug|Any CPU.Build.0 = Debug|Any CPU
		{9BF13D42-3D2B-4375-8811-99A5AB079ED8}.Release|Any CPU.ActiveCfg = Release|Any CPU
		{9BF13D42-3D2B-4375-8811-99A5AB079ED8}.Release|Any CPU.Build.0 = Release|Any CPU
	EndGlobalSection
	GlobalSection(SolutionProperties) = preSolution
		HideSolutionNode = FALSE
	EndGlobalSection
	GlobalSection(ExtensibilityGlobals) = postSolution
		SolutionGuid = {B4A27F43-E2E9-40F8-AACF-6702ECC1A233}
	EndGlobalSection
EndGlobal
